
Microsoft Visual Studio Solution File, Format Version 12.00
# Visual Studio Version 16
VisualStudioVersion = 16.0.30503.244
MinimumVisualStudioVersion = 10.0.40219.1
Project("{9A19103F-16F7-4668-BE54-9A1E7A4F7556}") = "Преговор", "List-Excericse\Преговор.csproj", "{E85DCC6B-C205-4D42-92EF-0C1E7CAE6935}"
EndProject
Project("{9A19103F-16F7-4668-BE54-9A1E7A4F7556}") = "01.Train", "01.Train\01.Train.csproj", "{8BA6949A-3D14-4639-96F4-440C19F25FD3}"
EndProject
Project("{9A19103F-16F7-4668-BE54-9A1E7A4F7556}") = "02. Change List", "02. Change List\02. Change List.csproj", "{27AF1437-4900-47B1-B7A6-E359718A2685}"
EndProject
Project("{9A19103F-16F7-4668-BE54-9A1E7A4F7556}") = "03. House Party", "03. House Party\03. House Party.csproj", "{2A0A3ABE-3B91-4ADD-89A7-FF7D49FD018B}"
EndProject
Project("{9A19103F-16F7-4668-BE54-9A1E7A4F7556}") = "04. List Operations", "04. List Operations\04. List Operations.csproj", "{23249C1C-85C1-45C3-A7D3-1DE9F89C2A11}"
EndProject
Project("{FAE04EC0-301F-11D3-BF4B-00C04F79EFBC}") = "05. Bomb Numbers", "05. Bomb Numbers\05. Bomb Numbers.csproj", "{FB844408-614F-4E60-B1DD-D0B3FA76A9C1}"
EndProject
Project("{FAE04EC0-301F-11D3-BF4B-00C04F79EFBC}") = "6. Cards Game", "6. Cards Game\6. Cards Game.csproj", "{DAB86765-329A-4DAD-B246-B9342442626A}"
EndProject
Project("{FAE04EC0-301F-11D3-BF4B-00C04F79EFBC}") = "07. Append Arrays", "07. Append Arrays\07. Append Arrays.csproj", "{9436034C-648C-416C-A2DC-57AE906BEAE2}"
EndProject
Global
	GlobalSection(SolutionConfigurationPlatforms) = preSolution
		Debug|Any CPU = Debug|Any CPU
		Release|Any CPU = Release|Any CPU
	EndGlobalSection
	GlobalSection(ProjectConfigurationPlatforms) = postSolution
		{E85DCC6B-C205-4D42-92EF-0C1E7CAE6935}.Debug|Any CPU.ActiveCfg = Debug|Any CPU
		{E85DCC6B-C205-4D42-92EF-0C1E7CAE6935}.Debug|Any CPU.Build.0 = Debug|Any CPU
		{E85DCC6B-C205-4D42-92EF-0C1E7CAE6935}.Release|Any CPU.ActiveCfg = Release|Any CPU
		{E85DCC6B-C205-4D42-92EF-0C1E7CAE6935}.Release|Any CPU.Build.0 = Release|Any CPU
		{8BA6949A-3D14-4639-96F4-440C19F25FD3}.Debug|Any CPU.ActiveCfg = Debug|Any CPU
		{8BA6949A-3D14-4639-96F4-440C19F25FD3}.Debug|Any CPU.Build.0 = Debug|Any CPU
		{8BA6949A-3D14-4639-96F4-440C19F25FD3}.Release|Any CPU.ActiveCfg = Release|Any CPU
		{8BA6949A-3D14-4639-96F4-440C19F25FD3}.Release|Any CPU.Build.0 = Release|Any CPU
		{27AF1437-4900-47B1-B7A6-E359718A2685}.Debug|Any CPU.ActiveCfg = Debug|Any CPU
		{27AF1437-4900-47B1-B7A6-E359718A2685}.Debug|Any CPU.Build.0 = Debug|Any CPU
		{27AF1437-4900-47B1-B7A6-E359718A2685}.Release|Any CPU.ActiveCfg = Release|Any CPU
		{27AF1437-4900-47B1-B7A6-E359718A2685}.Release|Any CPU.Build.0 = Release|Any CPU
		{2A0A3ABE-3B91-4ADD-89A7-FF7D49FD018B}.Debug|Any CPU.ActiveCfg = Debug|Any CPU
		{2A0A3ABE-3B91-4ADD-89A7-FF7D49FD018B}.Debug|Any CPU.Build.0 = Debug|Any CPU
		{2A0A3ABE-3B91-4ADD-89A7-FF7D49FD018B}.Release|Any CPU.ActiveCfg = Release|Any CPU
		{2A0A3ABE-3B91-4ADD-89A7-FF7D49FD018B}.Release|Any CPU.Build.0 = Release|Any CPU
		{23249C1C-85C1-45C3-A7D3-1DE9F89C2A11}.Debug|Any CPU.ActiveCfg = Debug|Any CPU
		{23249C1C-85C1-45C3-A7D3-1DE9F89C2A11}.Debug|Any CPU.Build.0 = Debug|Any CPU
		{23249C1C-85C1-45C3-A7D3-1DE9F89C2A11}.Release|Any CPU.ActiveCfg = Release|Any CPU
		{23249C1C-85C1-45C3-A7D3-1DE9F89C2A11}.Release|Any CPU.Build.0 = Release|Any CPU
		{FB844408-614F-4E60-B1DD-D0B3FA76A9C1}.Debug|Any CPU.ActiveCfg = Debug|Any CPU
		{FB844408-614F-4E60-B1DD-D0B3FA76A9C1}.Debug|Any CPU.Build.0 = Debug|Any CPU
		{FB844408-614F-4E60-B1DD-D0B3FA76A9C1}.Release|Any CPU.ActiveCfg = Release|Any CPU
		{FB844408-614F-4E60-B1DD-D0B3FA76A9C1}.Release|Any CPU.Build.0 = Release|Any CPU
		{DAB86765-329A-4DAD-B246-B9342442626A}.Debug|Any CPU.ActiveCfg = Debug|Any CPU
		{DAB86765-329A-4DAD-B246-B9342442626A}.Debug|Any CPU.Build.0 = Debug|Any CPU
		{DAB86765-329A-4DAD-B246-B9342442626A}.Release|Any CPU.ActiveCfg = Release|Any CPU
		{DAB86765-329A-4DAD-B246-B9342442626A}.Release|Any CPU.Build.0 = Release|Any CPU
		{9436034C-648C-416C-A2DC-57AE906BEAE2}.Debug|Any CPU.ActiveCfg = Debug|Any CPU
		{9436034C-648C-416C-A2DC-57AE906BEAE2}.Debug|Any CPU.Build.0 = Debug|Any CPU
		{9436034C-648C-416C-A2DC-57AE906BEAE2}.Release|Any CPU.ActiveCfg = Release|Any CPU
		{9436034C-648C-416C-A2DC-57AE906BEAE2}.Release|Any CPU.Build.0 = Release|Any CPU
	EndGlobalSection
	GlobalSection(SolutionProperties) = preSolution
		HideSolutionNode = FALSE
	EndGlobalSection
	GlobalSection(ExtensibilityGlobals) = postSolution
		SolutionGuid = {3C183574-E0F8-469F-9EA5-ACF094185EF6}
	EndGlobalSection
EndGlobal
