
Microsoft Visual Studio Solution File, Format Version 12.00
# Visual Studio Version 16
VisualStudioVersion = 16.0.31005.135
MinimumVisualStudioVersion = 10.0.40219.1
Project("{FAE04EC0-301F-11D3-BF4B-00C04F79EFBC}") = "01. National Court", "Mid Exam Alex\01. National Court.csproj", "{FC31B6F5-8AAD-4E38-B53A-86BE480F331C}"
EndProject
Project("{FAE04EC0-301F-11D3-BF4B-00C04F79EFBC}") = "02. Shopping List", "02. Shopping List\02. Shopping List.csproj", "{F6AEB166-662F-4E2F-AE1D-3084ED1BB895}"
EndProject
Project("{FAE04EC0-301F-11D3-BF4B-00C04F79EFBC}") = "03. Heart Delivery", "03. Heart Delivery\03. Heart Delivery.csproj", "{16C142F7-E9C3-4E0A-9F79-8D8E5CE0514B}"
EndProject
Global
	GlobalSection(SolutionConfigurationPlatforms) = preSolution
		Debug|Any CPU = Debug|Any CPU
		Release|Any CPU = Release|Any CPU
	EndGlobalSection
	GlobalSection(ProjectConfigurationPlatforms) = postSolution
		{FC31B6F5-8AAD-4E38-B53A-86BE480F331C}.Debug|Any CPU.ActiveCfg = Debug|Any CPU
		{FC31B6F5-8AAD-4E38-B53A-86BE480F331C}.Debug|Any CPU.Build.0 = Debug|Any CPU
		{FC31B6F5-8AAD-4E38-B53A-86BE480F331C}.Release|Any CPU.ActiveCfg = Release|Any CPU
		{FC31B6F5-8AAD-4E38-B53A-86BE480F331C}.Release|Any CPU.Build.0 = Release|Any CPU
		{F6AEB166-662F-4E2F-AE1D-3084ED1BB895}.Debug|Any CPU.ActiveCfg = Debug|Any CPU
		{F6AEB166-662F-4E2F-AE1D-3084ED1BB895}.Debug|Any CPU.Build.0 = Debug|Any CPU
		{F6AEB166-662F-4E2F-AE1D-3084ED1BB895}.Release|Any CPU.ActiveCfg = Release|Any CPU
		{F6AEB166-662F-4E2F-AE1D-3084ED1BB895}.Release|Any CPU.Build.0 = Release|Any CPU
		{16C142F7-E9C3-4E0A-9F79-8D8E5CE0514B}.Debug|Any CPU.ActiveCfg = Debug|Any CPU
		{16C142F7-E9C3-4E0A-9F79-8D8E5CE0514B}.Debug|Any CPU.Build.0 = Debug|Any CPU
		{16C142F7-E9C3-4E0A-9F79-8D8E5CE0514B}.Release|Any CPU.ActiveCfg = Release|Any CPU
		{16C142F7-E9C3-4E0A-9F79-8D8E5CE0514B}.Release|Any CPU.Build.0 = Release|Any CPU
	EndGlobalSection
	GlobalSection(SolutionProperties) = preSolution
		HideSolutionNode = FALSE
	EndGlobalSection
	GlobalSection(ExtensibilityGlobals) = postSolution
		SolutionGuid = {C65044E8-7AFF-48E8-A6D6-77F34415F8FB}
	EndGlobalSection
EndGlobal
