
Microsoft Visual Studio Solution File, Format Version 12.00
# Visual Studio Version 17
VisualStudioVersion = 17.0.32002.185
MinimumVisualStudioVersion = 10.0.40219.1
Project("{FAE04EC0-301F-11D3-BF4B-00C04F79EFBC}") = "ForumApp", "ForumApp\ForumApp.csproj", "{B2985FE9-7630-46E8-B45A-37347A328C9E}"
EndProject
Global
	GlobalSection(SolutionConfigurationPlatforms) = preSolution
		Debug|Any CPU = Debug|Any CPU
		Release|Any CPU = Release|Any CPU
	EndGlobalSection
	GlobalSection(ProjectConfigurationPlatforms) = postSolution
		{B2985FE9-7630-46E8-B45A-37347A328C9E}.Debug|Any CPU.ActiveCfg = Debug|Any CPU
		{B2985FE9-7630-46E8-B45A-37347A328C9E}.Debug|Any CPU.Build.0 = Debug|Any CPU
		{B2985FE9-7630-46E8-B45A-37347A328C9E}.Release|Any CPU.ActiveCfg = Release|Any CPU
		{B2985FE9-7630-46E8-B45A-37347A328C9E}.Release|Any CPU.Build.0 = Release|Any CPU
	EndGlobalSection
	GlobalSection(SolutionProperties) = preSolution
		HideSolutionNode = FALSE
	EndGlobalSection
	GlobalSection(ExtensibilityGlobals) = postSolution
		SolutionGuid = {35396DB2-6DD4-4E76-B535-46E52FE15D91}
	EndGlobalSection
EndGlobal
