
Microsoft Visual Studio Solution File, Format Version 12.00
# Visual Studio Version 16
VisualStudioVersion = 16.0.31702.278
MinimumVisualStudioVersion = 10.0.40219.1
Project("{9A19103F-16F7-4668-BE54-9A1E7A4F7556}") = "Vehicles", "Vehicles\Vehicles.csproj", "{D5B1AEA9-90AF-4E2D-A0AD-43EE1A0C68BD}"
EndProject
Project("{FAE04EC0-301F-11D3-BF4B-00C04F79EFBC}") = "VehiclesExtension", "VehiclesExtension\VehiclesExtension.csproj", "{18C1D1C3-7C4D-4680-A2B1-089B96F12286}"
EndProject
Project("{FAE04EC0-301F-11D3-BF4B-00C04F79EFBC}") = "Raiding", "Raiding\Raiding.csproj", "{2A85E941-A214-4BD4-8931-BF70B65D8911}"
EndProject
Global
	GlobalSection(SolutionConfigurationPlatforms) = preSolution
		Debug|Any CPU = Debug|Any CPU
		Release|Any CPU = Release|Any CPU
	EndGlobalSection
	GlobalSection(ProjectConfigurationPlatforms) = postSolution
		{D5B1AEA9-90AF-4E2D-A0AD-43EE1A0C68BD}.Debug|Any CPU.ActiveCfg = Debug|Any CPU
		{D5B1AEA9-90AF-4E2D-A0AD-43EE1A0C68BD}.Debug|Any CPU.Build.0 = Debug|Any CPU
		{D5B1AEA9-90AF-4E2D-A0AD-43EE1A0C68BD}.Release|Any CPU.ActiveCfg = Release|Any CPU
		{D5B1AEA9-90AF-4E2D-A0AD-43EE1A0C68BD}.Release|Any CPU.Build.0 = Release|Any CPU
		{18C1D1C3-7C4D-4680-A2B1-089B96F12286}.Debug|Any CPU.ActiveCfg = Debug|Any CPU
		{18C1D1C3-7C4D-4680-A2B1-089B96F12286}.Debug|Any CPU.Build.0 = Debug|Any CPU
		{18C1D1C3-7C4D-4680-A2B1-089B96F12286}.Release|Any CPU.ActiveCfg = Release|Any CPU
		{18C1D1C3-7C4D-4680-A2B1-089B96F12286}.Release|Any CPU.Build.0 = Release|Any CPU
		{2A85E941-A214-4BD4-8931-BF70B65D8911}.Debug|Any CPU.ActiveCfg = Debug|Any CPU
		{2A85E941-A214-4BD4-8931-BF70B65D8911}.Debug|Any CPU.Build.0 = Debug|Any CPU
		{2A85E941-A214-4BD4-8931-BF70B65D8911}.Release|Any CPU.ActiveCfg = Release|Any CPU
		{2A85E941-A214-4BD4-8931-BF70B65D8911}.Release|Any CPU.Build.0 = Release|Any CPU
	EndGlobalSection
	GlobalSection(SolutionProperties) = preSolution
		HideSolutionNode = FALSE
	EndGlobalSection
	GlobalSection(ExtensibilityGlobals) = postSolution
		SolutionGuid = {F61D958E-0C69-4798-B286-21340D32AA42}
	EndGlobalSection
EndGlobal
