
Microsoft Visual Studio Solution File, Format Version 12.00
# Visual Studio Version 16
VisualStudioVersion = 16.0.31702.278
MinimumVisualStudioVersion = 10.0.40219.1
Project("{FAE04EC0-301F-11D3-BF4B-00C04F79EFBC}") = "Square Root", "Square Root\Square Root.csproj", "{AF0571E6-C34F-4BEF-B5D3-38441C22F138}"
EndProject
Project("{FAE04EC0-301F-11D3-BF4B-00C04F79EFBC}") = "Enter Numbers", "Enter Numbers\Enter Numbers.csproj", "{D5AA1088-B5E8-4868-89A2-DAAD5B9C7A72}"
EndProject
Project("{FAE04EC0-301F-11D3-BF4B-00C04F79EFBC}") = "Fixing", "Fixing\Fixing.csproj", "{468F0D9B-1588-4B2D-9859-678203F46C15}"
EndProject
Global
	GlobalSection(SolutionConfigurationPlatforms) = preSolution
		Debug|Any CPU = Debug|Any CPU
		Release|Any CPU = Release|Any CPU
	EndGlobalSection
	GlobalSection(ProjectConfigurationPlatforms) = postSolution
		{AF0571E6-C34F-4BEF-B5D3-38441C22F138}.Debug|Any CPU.ActiveCfg = Debug|Any CPU
		{AF0571E6-C34F-4BEF-B5D3-38441C22F138}.Debug|Any CPU.Build.0 = Debug|Any CPU
		{AF0571E6-C34F-4BEF-B5D3-38441C22F138}.Release|Any CPU.ActiveCfg = Release|Any CPU
		{AF0571E6-C34F-4BEF-B5D3-38441C22F138}.Release|Any CPU.Build.0 = Release|Any CPU
		{D5AA1088-B5E8-4868-89A2-DAAD5B9C7A72}.Debug|Any CPU.ActiveCfg = Debug|Any CPU
		{D5AA1088-B5E8-4868-89A2-DAAD5B9C7A72}.Debug|Any CPU.Build.0 = Debug|Any CPU
		{D5AA1088-B5E8-4868-89A2-DAAD5B9C7A72}.Release|Any CPU.ActiveCfg = Release|Any CPU
		{D5AA1088-B5E8-4868-89A2-DAAD5B9C7A72}.Release|Any CPU.Build.0 = Release|Any CPU
		{468F0D9B-1588-4B2D-9859-678203F46C15}.Debug|Any CPU.ActiveCfg = Debug|Any CPU
		{468F0D9B-1588-4B2D-9859-678203F46C15}.Debug|Any CPU.Build.0 = Debug|Any CPU
		{468F0D9B-1588-4B2D-9859-678203F46C15}.Release|Any CPU.ActiveCfg = Release|Any CPU
		{468F0D9B-1588-4B2D-9859-678203F46C15}.Release|Any CPU.Build.0 = Release|Any CPU
	EndGlobalSection
	GlobalSection(SolutionProperties) = preSolution
		HideSolutionNode = FALSE
	EndGlobalSection
	GlobalSection(ExtensibilityGlobals) = postSolution
		SolutionGuid = {B979D0B4-FFC5-4451-979F-9805C3C362B7}
	EndGlobalSection
EndGlobal
