
Microsoft Visual Studio Solution File, Format Version 12.00
# Visual Studio Version 16
VisualStudioVersion = 16.0.31005.135
MinimumVisualStudioVersion = 10.0.40219.1
Project("{FAE04EC0-301F-11D3-BF4B-00C04F79EFBC}") = "01. Count Real Numbers", "01. Count Real Numbers\01. Count Real Numbers.csproj", "{AE1769C4-67E7-4B66-A7A4-F33CB79948D9}"
EndProject
Project("{FAE04EC0-301F-11D3-BF4B-00C04F79EFBC}") = "02. Odd Occurrences", "02. Odd Occurrences\02. Odd Occurrences.csproj", "{CEEB761D-13BB-4D95-BE49-ADFAAD22D920}"
EndProject
Project("{FAE04EC0-301F-11D3-BF4B-00C04F79EFBC}") = "03. Word Synonyms", "03. Word Synonyms\03. Word Synonyms.csproj", "{C64EB4D1-3BB5-4773-8902-94890631C52A}"
EndProject
Project("{FAE04EC0-301F-11D3-BF4B-00C04F79EFBC}") = "04. Largest 3 Numbers", "04. Largest 3 Numbers\04. Largest 3 Numbers.csproj", "{4065855C-6056-4CC7-9B61-F207F5014944}"
EndProject
Project("{FAE04EC0-301F-11D3-BF4B-00C04F79EFBC}") = "05. Word Filter", "05. Word Filter\05. Word Filter.csproj", "{FA4EA2BC-E56C-48C1-BDD0-0CFCA176D266}"
EndProject
Global
	GlobalSection(SolutionConfigurationPlatforms) = preSolution
		Debug|Any CPU = Debug|Any CPU
		Release|Any CPU = Release|Any CPU
	EndGlobalSection
	GlobalSection(ProjectConfigurationPlatforms) = postSolution
		{AE1769C4-67E7-4B66-A7A4-F33CB79948D9}.Debug|Any CPU.ActiveCfg = Debug|Any CPU
		{AE1769C4-67E7-4B66-A7A4-F33CB79948D9}.Debug|Any CPU.Build.0 = Debug|Any CPU
		{AE1769C4-67E7-4B66-A7A4-F33CB79948D9}.Release|Any CPU.ActiveCfg = Release|Any CPU
		{AE1769C4-67E7-4B66-A7A4-F33CB79948D9}.Release|Any CPU.Build.0 = Release|Any CPU
		{CEEB761D-13BB-4D95-BE49-ADFAAD22D920}.Debug|Any CPU.ActiveCfg = Debug|Any CPU
		{CEEB761D-13BB-4D95-BE49-ADFAAD22D920}.Debug|Any CPU.Build.0 = Debug|Any CPU
		{CEEB761D-13BB-4D95-BE49-ADFAAD22D920}.Release|Any CPU.ActiveCfg = Release|Any CPU
		{CEEB761D-13BB-4D95-BE49-ADFAAD22D920}.Release|Any CPU.Build.0 = Release|Any CPU
		{C64EB4D1-3BB5-4773-8902-94890631C52A}.Debug|Any CPU.ActiveCfg = Debug|Any CPU
		{C64EB4D1-3BB5-4773-8902-94890631C52A}.Debug|Any CPU.Build.0 = Debug|Any CPU
		{C64EB4D1-3BB5-4773-8902-94890631C52A}.Release|Any CPU.ActiveCfg = Release|Any CPU
		{C64EB4D1-3BB5-4773-8902-94890631C52A}.Release|Any CPU.Build.0 = Release|Any CPU
		{4065855C-6056-4CC7-9B61-F207F5014944}.Debug|Any CPU.ActiveCfg = Debug|Any CPU
		{4065855C-6056-4CC7-9B61-F207F5014944}.Debug|Any CPU.Build.0 = Debug|Any CPU
		{4065855C-6056-4CC7-9B61-F207F5014944}.Release|Any CPU.ActiveCfg = Release|Any CPU
		{4065855C-6056-4CC7-9B61-F207F5014944}.Release|Any CPU.Build.0 = Release|Any CPU
		{FA4EA2BC-E56C-48C1-BDD0-0CFCA176D266}.Debug|Any CPU.ActiveCfg = Debug|Any CPU
		{FA4EA2BC-E56C-48C1-BDD0-0CFCA176D266}.Debug|Any CPU.Build.0 = Debug|Any CPU
		{FA4EA2BC-E56C-48C1-BDD0-0CFCA176D266}.Release|Any CPU.ActiveCfg = Release|Any CPU
		{FA4EA2BC-E56C-48C1-BDD0-0CFCA176D266}.Release|Any CPU.Build.0 = Release|Any CPU
	EndGlobalSection
	GlobalSection(SolutionProperties) = preSolution
		HideSolutionNode = FALSE
	EndGlobalSection
	GlobalSection(ExtensibilityGlobals) = postSolution
		SolutionGuid = {1476B574-F3B0-4311-A93E-314C208D46BA}
	EndGlobalSection
EndGlobal
