
Microsoft Visual Studio Solution File, Format Version 12.00
# Visual Studio Version 16
VisualStudioVersion = 16.0.31205.134
MinimumVisualStudioVersion = 10.0.40219.1
Project("{FAE04EC0-301F-11D3-BF4B-00C04F79EFBC}") = "01. Secret Chat", "01. Secret Chat\01. Secret Chat.csproj", "{652FC4D6-12B0-4D60-9533-F0878F817CE6}"
EndProject
Project("{FAE04EC0-301F-11D3-BF4B-00C04F79EFBC}") = "02. Mirror Words", "02. Mirror Words\02. Mirror Words.csproj", "{FD4C6A4F-F7C0-474F-911A-213DA96AAD76}"
EndProject
Project("{FAE04EC0-301F-11D3-BF4B-00C04F79EFBC}") = "03. Need for Speed III", "03. Need for Speed III\03. Need for Speed III.csproj", "{AEFF8681-2FD6-4282-AF76-3FCDBDC1948C}"
EndProject
Global
	GlobalSection(SolutionConfigurationPlatforms) = preSolution
		Debug|Any CPU = Debug|Any CPU
		Release|Any CPU = Release|Any CPU
	EndGlobalSection
	GlobalSection(ProjectConfigurationPlatforms) = postSolution
		{652FC4D6-12B0-4D60-9533-F0878F817CE6}.Debug|Any CPU.ActiveCfg = Debug|Any CPU
		{652FC4D6-12B0-4D60-9533-F0878F817CE6}.Debug|Any CPU.Build.0 = Debug|Any CPU
		{652FC4D6-12B0-4D60-9533-F0878F817CE6}.Release|Any CPU.ActiveCfg = Release|Any CPU
		{652FC4D6-12B0-4D60-9533-F0878F817CE6}.Release|Any CPU.Build.0 = Release|Any CPU
		{FD4C6A4F-F7C0-474F-911A-213DA96AAD76}.Debug|Any CPU.ActiveCfg = Debug|Any CPU
		{FD4C6A4F-F7C0-474F-911A-213DA96AAD76}.Debug|Any CPU.Build.0 = Debug|Any CPU
		{FD4C6A4F-F7C0-474F-911A-213DA96AAD76}.Release|Any CPU.ActiveCfg = Release|Any CPU
		{FD4C6A4F-F7C0-474F-911A-213DA96AAD76}.Release|Any CPU.Build.0 = Release|Any CPU
		{AEFF8681-2FD6-4282-AF76-3FCDBDC1948C}.Debug|Any CPU.ActiveCfg = Debug|Any CPU
		{AEFF8681-2FD6-4282-AF76-3FCDBDC1948C}.Debug|Any CPU.Build.0 = Debug|Any CPU
		{AEFF8681-2FD6-4282-AF76-3FCDBDC1948C}.Release|Any CPU.ActiveCfg = Release|Any CPU
		{AEFF8681-2FD6-4282-AF76-3FCDBDC1948C}.Release|Any CPU.Build.0 = Release|Any CPU
	EndGlobalSection
	GlobalSection(SolutionProperties) = preSolution
		HideSolutionNode = FALSE
	EndGlobalSection
	GlobalSection(ExtensibilityGlobals) = postSolution
		SolutionGuid = {2BD68335-00FC-46F4-9EC4-97FFFDBB2B13}
	EndGlobalSection
EndGlobal
