
Microsoft Visual Studio Solution File, Format Version 12.00
# Visual Studio Version 16
VisualStudioVersion = 16.0.30503.244
MinimumVisualStudioVersion = 10.0.40219.1
Project("{9A19103F-16F7-4668-BE54-9A1E7A4F7556}") = "Associative arrays exc", "Associative arrays exc\Associative arrays exc.csproj", "{0822FE5B-7E94-46C7-A7CC-E20727B3AA4F}"
EndProject
Project("{9A19103F-16F7-4668-BE54-9A1E7A4F7556}") = "01. Count Chars in a String", "1. Count Chars in a String\01. Count Chars in a String.csproj", "{F71925EE-5E68-4B80-8FCB-6BB580B4D217}"
EndProject
Project("{9A19103F-16F7-4668-BE54-9A1E7A4F7556}") = "02. A Miner Task", "02. A Miner Task\02. A Miner Task.csproj", "{AF839850-B509-446A-9E01-3C803F5B1F16}"
EndProject
Project("{9A19103F-16F7-4668-BE54-9A1E7A4F7556}") = "03. Legendary Farming", "3. Legendary Farming\03. Legendary Farming.csproj", "{4AE45386-8C58-45F1-B0D1-F1A500EFED14}"
EndProject
Project("{9A19103F-16F7-4668-BE54-9A1E7A4F7556}") = "04. Orders", "04. Orders\04. Orders.csproj", "{60E2481D-7C44-4F50-8B72-75D4051E52B1}"
EndProject
Project("{9A19103F-16F7-4668-BE54-9A1E7A4F7556}") = "05. SoftUni Parking", "05. SoftUni Parking\05. SoftUni Parking.csproj", "{CB297AD4-AFD7-4658-9A08-D92126453781}"
EndProject
Project("{9A19103F-16F7-4668-BE54-9A1E7A4F7556}") = "06. Courses", "06. Courses\06. Courses.csproj", "{2E55D650-1479-4FC1-8229-8125E772F26E}"
EndProject
Project("{FAE04EC0-301F-11D3-BF4B-00C04F79EFBC}") = "Excercise", "Excercise\Excercise.csproj", "{A31875C2-29EA-41D5-B6EA-C19898AD3130}"
EndProject
Global
	GlobalSection(SolutionConfigurationPlatforms) = preSolution
		Debug|Any CPU = Debug|Any CPU
		Release|Any CPU = Release|Any CPU
	EndGlobalSection
	GlobalSection(ProjectConfigurationPlatforms) = postSolution
		{0822FE5B-7E94-46C7-A7CC-E20727B3AA4F}.Debug|Any CPU.ActiveCfg = Debug|Any CPU
		{0822FE5B-7E94-46C7-A7CC-E20727B3AA4F}.Debug|Any CPU.Build.0 = Debug|Any CPU
		{0822FE5B-7E94-46C7-A7CC-E20727B3AA4F}.Release|Any CPU.ActiveCfg = Release|Any CPU
		{0822FE5B-7E94-46C7-A7CC-E20727B3AA4F}.Release|Any CPU.Build.0 = Release|Any CPU
		{F71925EE-5E68-4B80-8FCB-6BB580B4D217}.Debug|Any CPU.ActiveCfg = Debug|Any CPU
		{F71925EE-5E68-4B80-8FCB-6BB580B4D217}.Debug|Any CPU.Build.0 = Debug|Any CPU
		{F71925EE-5E68-4B80-8FCB-6BB580B4D217}.Release|Any CPU.ActiveCfg = Release|Any CPU
		{F71925EE-5E68-4B80-8FCB-6BB580B4D217}.Release|Any CPU.Build.0 = Release|Any CPU
		{AF839850-B509-446A-9E01-3C803F5B1F16}.Debug|Any CPU.ActiveCfg = Debug|Any CPU
		{AF839850-B509-446A-9E01-3C803F5B1F16}.Debug|Any CPU.Build.0 = Debug|Any CPU
		{AF839850-B509-446A-9E01-3C803F5B1F16}.Release|Any CPU.ActiveCfg = Release|Any CPU
		{AF839850-B509-446A-9E01-3C803F5B1F16}.Release|Any CPU.Build.0 = Release|Any CPU
		{4AE45386-8C58-45F1-B0D1-F1A500EFED14}.Debug|Any CPU.ActiveCfg = Debug|Any CPU
		{4AE45386-8C58-45F1-B0D1-F1A500EFED14}.Debug|Any CPU.Build.0 = Debug|Any CPU
		{4AE45386-8C58-45F1-B0D1-F1A500EFED14}.Release|Any CPU.ActiveCfg = Release|Any CPU
		{4AE45386-8C58-45F1-B0D1-F1A500EFED14}.Release|Any CPU.Build.0 = Release|Any CPU
		{60E2481D-7C44-4F50-8B72-75D4051E52B1}.Debug|Any CPU.ActiveCfg = Debug|Any CPU
		{60E2481D-7C44-4F50-8B72-75D4051E52B1}.Debug|Any CPU.Build.0 = Debug|Any CPU
		{60E2481D-7C44-4F50-8B72-75D4051E52B1}.Release|Any CPU.ActiveCfg = Release|Any CPU
		{60E2481D-7C44-4F50-8B72-75D4051E52B1}.Release|Any CPU.Build.0 = Release|Any CPU
		{CB297AD4-AFD7-4658-9A08-D92126453781}.Debug|Any CPU.ActiveCfg = Debug|Any CPU
		{CB297AD4-AFD7-4658-9A08-D92126453781}.Debug|Any CPU.Build.0 = Debug|Any CPU
		{CB297AD4-AFD7-4658-9A08-D92126453781}.Release|Any CPU.ActiveCfg = Release|Any CPU
		{CB297AD4-AFD7-4658-9A08-D92126453781}.Release|Any CPU.Build.0 = Release|Any CPU
		{2E55D650-1479-4FC1-8229-8125E772F26E}.Debug|Any CPU.ActiveCfg = Debug|Any CPU
		{2E55D650-1479-4FC1-8229-8125E772F26E}.Debug|Any CPU.Build.0 = Debug|Any CPU
		{2E55D650-1479-4FC1-8229-8125E772F26E}.Release|Any CPU.ActiveCfg = Release|Any CPU
		{2E55D650-1479-4FC1-8229-8125E772F26E}.Release|Any CPU.Build.0 = Release|Any CPU
		{A31875C2-29EA-41D5-B6EA-C19898AD3130}.Debug|Any CPU.ActiveCfg = Debug|Any CPU
		{A31875C2-29EA-41D5-B6EA-C19898AD3130}.Debug|Any CPU.Build.0 = Debug|Any CPU
		{A31875C2-29EA-41D5-B6EA-C19898AD3130}.Release|Any CPU.ActiveCfg = Release|Any CPU
		{A31875C2-29EA-41D5-B6EA-C19898AD3130}.Release|Any CPU.Build.0 = Release|Any CPU
	EndGlobalSection
	GlobalSection(SolutionProperties) = preSolution
		HideSolutionNode = FALSE
	EndGlobalSection
	GlobalSection(ExtensibilityGlobals) = postSolution
		SolutionGuid = {0FDE8575-DE89-44B3-A16B-3E4B6DF61919}
	EndGlobalSection
EndGlobal
