
Microsoft Visual Studio Solution File, Format Version 12.00
# Visual Studio Version 16
VisualStudioVersion = 16.0.31205.134
MinimumVisualStudioVersion = 10.0.40219.1
Project("{9A19103F-16F7-4668-BE54-9A1E7A4F7556}") = "01. Password Reset", "01. Password Reset\01. Password Reset.csproj", "{01B8E996-B0C6-4282-BC58-BA5BB3B2FBB8}"
EndProject
Project("{FAE04EC0-301F-11D3-BF4B-00C04F79EFBC}") = "02. Fancy Barcodes", "02. Fancy Barcodes\02. Fancy Barcodes.csproj", "{36215C1C-6F14-4739-9DC7-FA9B09EDF4F0}"
EndProject
Project("{FAE04EC0-301F-11D3-BF4B-00C04F79EFBC}") = "03. Heroes of Code and Logic VII", "03. Heroes of Code and Logic VII\03. Heroes of Code and Logic VII.csproj", "{F79719B0-6708-4452-A681-B066FF378F15}"
EndProject
Global
	GlobalSection(SolutionConfigurationPlatforms) = preSolution
		Debug|Any CPU = Debug|Any CPU
		Release|Any CPU = Release|Any CPU
	EndGlobalSection
	GlobalSection(ProjectConfigurationPlatforms) = postSolution
		{01B8E996-B0C6-4282-BC58-BA5BB3B2FBB8}.Debug|Any CPU.ActiveCfg = Debug|Any CPU
		{01B8E996-B0C6-4282-BC58-BA5BB3B2FBB8}.Debug|Any CPU.Build.0 = Debug|Any CPU
		{01B8E996-B0C6-4282-BC58-BA5BB3B2FBB8}.Release|Any CPU.ActiveCfg = Release|Any CPU
		{01B8E996-B0C6-4282-BC58-BA5BB3B2FBB8}.Release|Any CPU.Build.0 = Release|Any CPU
		{36215C1C-6F14-4739-9DC7-FA9B09EDF4F0}.Debug|Any CPU.ActiveCfg = Debug|Any CPU
		{36215C1C-6F14-4739-9DC7-FA9B09EDF4F0}.Debug|Any CPU.Build.0 = Debug|Any CPU
		{36215C1C-6F14-4739-9DC7-FA9B09EDF4F0}.Release|Any CPU.ActiveCfg = Release|Any CPU
		{36215C1C-6F14-4739-9DC7-FA9B09EDF4F0}.Release|Any CPU.Build.0 = Release|Any CPU
		{F79719B0-6708-4452-A681-B066FF378F15}.Debug|Any CPU.ActiveCfg = Debug|Any CPU
		{F79719B0-6708-4452-A681-B066FF378F15}.Debug|Any CPU.Build.0 = Debug|Any CPU
		{F79719B0-6708-4452-A681-B066FF378F15}.Release|Any CPU.ActiveCfg = Release|Any CPU
		{F79719B0-6708-4452-A681-B066FF378F15}.Release|Any CPU.Build.0 = Release|Any CPU
	EndGlobalSection
	GlobalSection(SolutionProperties) = preSolution
		HideSolutionNode = FALSE
	EndGlobalSection
	GlobalSection(ExtensibilityGlobals) = postSolution
		SolutionGuid = {8B766BF6-5EED-438C-9126-83A196B23BD5}
	EndGlobalSection
EndGlobal
