
Microsoft Visual Studio Solution File, Format Version 12.00
# Visual Studio Version 16
VisualStudioVersion = 16.0.31702.278
MinimumVisualStudioVersion = 10.0.40219.1
Project("{FAE04EC0-301F-11D3-BF4B-00C04F79EFBC}") = "01. Flower Wreaths", "01. Flower Wreaths\01. Flower Wreaths.csproj", "{01ECF555-1B00-476C-8A32-67B84F3FF9B9}"
EndProject
Project("{FAE04EC0-301F-11D3-BF4B-00C04F79EFBC}") = "02. Bee", "02. Bee\02. Bee.csproj", "{F135B0BF-EFED-4508-AF3D-D9720F38335E}"
EndProject
Global
	GlobalSection(SolutionConfigurationPlatforms) = preSolution
		Debug|Any CPU = Debug|Any CPU
		Release|Any CPU = Release|Any CPU
	EndGlobalSection
	GlobalSection(ProjectConfigurationPlatforms) = postSolution
		{01ECF555-1B00-476C-8A32-67B84F3FF9B9}.Debug|Any CPU.ActiveCfg = Debug|Any CPU
		{01ECF555-1B00-476C-8A32-67B84F3FF9B9}.Debug|Any CPU.Build.0 = Debug|Any CPU
		{01ECF555-1B00-476C-8A32-67B84F3FF9B9}.Release|Any CPU.ActiveCfg = Release|Any CPU
		{01ECF555-1B00-476C-8A32-67B84F3FF9B9}.Release|Any CPU.Build.0 = Release|Any CPU
		{F135B0BF-EFED-4508-AF3D-D9720F38335E}.Debug|Any CPU.ActiveCfg = Debug|Any CPU
		{F135B0BF-EFED-4508-AF3D-D9720F38335E}.Debug|Any CPU.Build.0 = Debug|Any CPU
		{F135B0BF-EFED-4508-AF3D-D9720F38335E}.Release|Any CPU.ActiveCfg = Release|Any CPU
		{F135B0BF-EFED-4508-AF3D-D9720F38335E}.Release|Any CPU.Build.0 = Release|Any CPU
	EndGlobalSection
	GlobalSection(SolutionProperties) = preSolution
		HideSolutionNode = FALSE
	EndGlobalSection
	GlobalSection(ExtensibilityGlobals) = postSolution
		SolutionGuid = {DC04E1E3-4EF2-49A4-8D8D-68AA050FD737}
	EndGlobalSection
EndGlobal
